
Microsoft Visual Studio Solution File, Format Version 12.00
# Visual Studio 15
Project("{FAE04EC0-301F-11D3-BF4B-00C04F79EFBC}") = "AuthSolution", "AuthSolution\AuthSolution.csproj", "{C55EA9BB-E053-4879-93CD-AA9A2C94C24D}"
EndProject
Global
	GlobalSection(SolutionConfigurationPlatforms) = preSolution
		Debug|Any CPU = Debug|Any CPU
		Release|Any CPU = Release|Any CPU
	EndGlobalSection
	GlobalSection(ProjectConfigurationPlatforms) = postSolution
		{C55EA9BB-E053-4879-93CD-AA9A2C94C24D}.Debug|Any CPU.ActiveCfg = Debug|Any CPU
		{C55EA9BB-E053-4879-93CD-AA9A2C94C24D}.Debug|Any CPU.Build.0 = Debug|Any CPU
		{C55EA9BB-E053-4879-93CD-AA9A2C94C24D}.Release|Any CPU.ActiveCfg = Release|Any CPU
		{C55EA9BB-E053-4879-93CD-AA9A2C94C24D}.Release|Any CPU.Build.0 = Release|Any CPU
	EndGlobalSection
EndGlobal
